PODS:
  - Flutter (1.0.0)
  - native_linkify (0.0.1):
    - Flutter

DEPENDENCIES:
  - Flutter (from `Flutter`)
  - native_linkify (from `.symlinks/plugins/native_linkify/ios`)

EXTERNAL SOURCES:
  Flutter:
    :path: Flutter
  native_linkify:
    :path: ".symlinks/plugins/native_linkify/ios"

SPEC CHECKSUMS:
  Flutter: 50d75fe2f02b26cc09d224853bb45737f8b3214a
  native_linkify: 3bac7a7f29fadcc53b585c0862cb85d42caa2d85

PODFILE CHECKSUM: aafe91acc616949ddb318b77800a7f51bffa2a4c

COCOAPODS: 1.11.2
